
Microsoft Visual Studio Solution File, Format Version 12.00
# Visual Studio 2013
VisualStudioVersion = 12.0.21005.1
MinimumVisualStudioVersion = 10.0.40219.1
Project("{FAE04EC0-301F-11D3-BF4B-00C04F79EFBC}") = "Decode", "Decode\Decode.csproj", "{7397E11F-301C-48CF-B2B7-69F8E3213B2D}"
EndProject
Project("{FAE04EC0-301F-11D3-BF4B-00C04F79EFBC}") = "Encode", "Encode\Encode.csproj", "{DD6CF09E-46B0-43A8-834E-B6A2EE6255BE}"
	ProjectSection(ProjectDependencies) = postProject
		{F9D616B2-8333-4556-8FBB-1F5C6907FB44} = {F9D616B2-8333-4556-8FBB-1F5C6907FB44}
	EndProjectSection
EndProject
Project("{FAE04EC0-301F-11D3-BF4B-00C04F79EFBC}") = "ClassLib", "ClassLib\ClassLib.csproj", "{F9D616B2-8333-4556-8FBB-1F5C6907FB44}"
EndProject
Project("{FAE04EC0-301F-11D3-BF4B-00C04F79EFBC}") = "FitPortable", "FitPortable\FitPortable.csproj", "{30807094-40BA-42DE-B0B2-C15757649715}"
EndProject
Global
	GlobalSection(SolutionConfigurationPlatforms) = preSolution
		Debug|Any CPU = Debug|Any CPU
		Release|Any CPU = Release|Any CPU
	EndGlobalSection
	GlobalSection(ProjectConfigurationPlatforms) = postSolution
		{7397E11F-301C-48CF-B2B7-69F8E3213B2D}.Debug|Any CPU.ActiveCfg = Debug|Any CPU
		{7397E11F-301C-48CF-B2B7-69F8E3213B2D}.Debug|Any CPU.Build.0 = Debug|Any CPU
		{7397E11F-301C-48CF-B2B7-69F8E3213B2D}.Release|Any CPU.ActiveCfg = Release|Any CPU
		{7397E11F-301C-48CF-B2B7-69F8E3213B2D}.Release|Any CPU.Build.0 = Release|Any CPU
		{DD6CF09E-46B0-43A8-834E-B6A2EE6255BE}.Debug|Any CPU.ActiveCfg = Debug|Any CPU
		{DD6CF09E-46B0-43A8-834E-B6A2EE6255BE}.Debug|Any CPU.Build.0 = Debug|Any CPU
		{DD6CF09E-46B0-43A8-834E-B6A2EE6255BE}.Release|Any CPU.ActiveCfg = Release|Any CPU
		{DD6CF09E-46B0-43A8-834E-B6A2EE6255BE}.Release|Any CPU.Build.0 = Release|Any CPU
		{F9D616B2-8333-4556-8FBB-1F5C6907FB44}.Debug|Any CPU.ActiveCfg = Debug|Any CPU
		{F9D616B2-8333-4556-8FBB-1F5C6907FB44}.Debug|Any CPU.Build.0 = Debug|Any CPU
		{F9D616B2-8333-4556-8FBB-1F5C6907FB44}.Release|Any CPU.ActiveCfg = Release|Any CPU
		{F9D616B2-8333-4556-8FBB-1F5C6907FB44}.Release|Any CPU.Build.0 = Release|Any CPU
		{30807094-40BA-42DE-B0B2-C15757649715}.Debug|Any CPU.ActiveCfg = Debug|Any CPU
		{30807094-40BA-42DE-B0B2-C15757649715}.Debug|Any CPU.Build.0 = Debug|Any CPU
		{30807094-40BA-42DE-B0B2-C15757649715}.Release|Any CPU.ActiveCfg = Release|Any CPU
		{30807094-40BA-42DE-B0B2-C15757649715}.Release|Any CPU.Build.0 = Release|Any CPU
	EndGlobalSection
	GlobalSection(SolutionProperties) = preSolution
		HideSolutionNode = FALSE
	EndGlobalSection
EndGlobal
