
Microsoft Visual Studio Solution File, Format Version 12.00
# Visual Studio Version 16
VisualStudioVersion = 16.0.30804.86
MinimumVisualStudioVersion = 10.0.40219.1
Project("{9A19103F-16F7-4668-BE54-9A1E7A4F7556}") = "PelotonToGarminConsole", "src\PelotonToGarminConsole\PelotonToGarminConsole.csproj", "{808B1164-D94D-456F-B0AF-E5DDE4B82B4A}"
EndProject
Project("{9A19103F-16F7-4668-BE54-9A1E7A4F7556}") = "Garmin", "src\Garmin\Garmin.csproj", "{3E0E0007-E67A-44BA-B819-40C6E2C2EC8C}"
EndProject
Project("{9A19103F-16F7-4668-BE54-9A1E7A4F7556}") = "Peloton", "src\Peloton\Peloton.csproj", "{0194BE87-68AC-4F02-B2A0-B35BEB2F5466}"
EndProject
Project("{9A19103F-16F7-4668-BE54-9A1E7A4F7556}") = "Common", "src\Common\Common.csproj", "{DC38F108-7BB1-4055-B913-4EA1547EEDDC}"
EndProject
Project("{9A19103F-16F7-4668-BE54-9A1E7A4F7556}") = "Conversion", "src\Conversion\Conversion.csproj", "{31BB1515-5895-4ADC-83C6-53E53FD254B0}"
EndProject
Project("{2150E333-8FDC-42A3-9474-1A3956D46DE8}") = ".solution", ".solution", "{EAA7A07D-19F0-4D55-A52E-CFC1C9CEBEAB}"
	ProjectSection(SolutionItems) = preProject
		.gitignore = .gitignore
		configuration.example.json = configuration.example.json
		configuration.local.json = configuration.local.json
		CONTRIBUTING.md = CONTRIBUTING.md
		LICENSE = LICENSE
		README.md = README.md
		requirements.txt = requirements.txt
	EndProjectSection
EndProject
Project("{2150E333-8FDC-42A3-9474-1A3956D46DE8}") = ".gitworkflows", ".gitworkflows", "{614A75B3-E4D8-4F29-A06A-C087159AF0B3}"
	ProjectSection(SolutionItems) = preProject
		.github\workflows\docker_fit_amd64_latest.yml = .github\workflows\docker_fit_amd64_latest.yml
		.github\workflows\docker_fit_arm64_latest.yml = .github\workflows\docker_fit_arm64_latest.yml
		.github\workflows\pr-test.yml = .github\workflows\pr-test.yml
		.github\workflows\publish.yml = .github\workflows\publish.yml
		.github\workflows\tag-release.yml = .github\workflows\tag-release.yml
	EndProjectSection
EndProject
Project("{2150E333-8FDC-42A3-9474-1A3956D46DE8}") = "docker", "docker", "{A7F642D9-7954-4547-84DB-67A04AE1043D}"
	ProjectSection(SolutionItems) = preProject
		docker-compose-fit.yaml = docker-compose-fit.yaml
		DockerfileFit_amd64 = DockerfileFit_amd64
		DockerfileFit_arm64 = DockerfileFit_arm64
	EndProjectSection
EndProject
Global
	GlobalSection(SolutionConfigurationPlatforms) = preSolution
		Debug|Any CPU = Debug|Any CPU
		Release|Any CPU = Release|Any CPU
	EndGlobalSection
	GlobalSection(ProjectConfigurationPlatforms) = postSolution
		{808B1164-D94D-456F-B0AF-E5DDE4B82B4A}.Debug|Any CPU.ActiveCfg = Debug|Any CPU
		{808B1164-D94D-456F-B0AF-E5DDE4B82B4A}.Debug|Any CPU.Build.0 = Debug|Any CPU
		{808B1164-D94D-456F-B0AF-E5DDE4B82B4A}.Release|Any CPU.ActiveCfg = Release|Any CPU
		{808B1164-D94D-456F-B0AF-E5DDE4B82B4A}.Release|Any CPU.Build.0 = Release|Any CPU
		{3E0E0007-E67A-44BA-B819-40C6E2C2EC8C}.Debug|Any CPU.ActiveCfg = Debug|Any CPU
		{3E0E0007-E67A-44BA-B819-40C6E2C2EC8C}.Debug|Any CPU.Build.0 = Debug|Any CPU
		{3E0E0007-E67A-44BA-B819-40C6E2C2EC8C}.Release|Any CPU.ActiveCfg = Release|Any CPU
		{3E0E0007-E67A-44BA-B819-40C6E2C2EC8C}.Release|Any CPU.Build.0 = Release|Any CPU
		{0194BE87-68AC-4F02-B2A0-B35BEB2F5466}.Debug|Any CPU.ActiveCfg = Debug|Any CPU
		{0194BE87-68AC-4F02-B2A0-B35BEB2F5466}.Debug|Any CPU.Build.0 = Debug|Any CPU
		{0194BE87-68AC-4F02-B2A0-B35BEB2F5466}.Release|Any CPU.ActiveCfg = Release|Any CPU
		{0194BE87-68AC-4F02-B2A0-B35BEB2F5466}.Release|Any CPU.Build.0 = Release|Any CPU
		{DC38F108-7BB1-4055-B913-4EA1547EEDDC}.Debug|Any CPU.ActiveCfg = Debug|Any CPU
		{DC38F108-7BB1-4055-B913-4EA1547EEDDC}.Debug|Any CPU.Build.0 = Debug|Any CPU
		{DC38F108-7BB1-4055-B913-4EA1547EEDDC}.Release|Any CPU.ActiveCfg = Release|Any CPU
		{DC38F108-7BB1-4055-B913-4EA1547EEDDC}.Release|Any CPU.Build.0 = Release|Any CPU
		{31BB1515-5895-4ADC-83C6-53E53FD254B0}.Debug|Any CPU.ActiveCfg = Debug|Any CPU
		{31BB1515-5895-4ADC-83C6-53E53FD254B0}.Debug|Any CPU.Build.0 = Debug|Any CPU
		{31BB1515-5895-4ADC-83C6-53E53FD254B0}.Release|Any CPU.ActiveCfg = Release|Any CPU
		{31BB1515-5895-4ADC-83C6-53E53FD254B0}.Release|Any CPU.Build.0 = Release|Any CPU
	EndGlobalSection
	GlobalSection(SolutionProperties) = preSolution
		HideSolutionNode = FALSE
	EndGlobalSection
	GlobalSection(NestedProjects) = preSolution
		{614A75B3-E4D8-4F29-A06A-C087159AF0B3} = {EAA7A07D-19F0-4D55-A52E-CFC1C9CEBEAB}
		{A7F642D9-7954-4547-84DB-67A04AE1043D} = {EAA7A07D-19F0-4D55-A52E-CFC1C9CEBEAB}
	EndGlobalSection
	GlobalSection(ExtensibilityGlobals) = postSolution
		SolutionGuid = {1DBD48F5-054F-4C40-A97A-DE31B9132FCB}
	EndGlobalSection
EndGlobal
