
Microsoft Visual Studio Solution File, Format Version 12.00
# Visual Studio Version 17
VisualStudioVersion = 17.0.31912.275
MinimumVisualStudioVersion = 10.0.40219.1
Project("{9A19103F-16F7-4668-BE54-9A1E7A4F7556}") = "PelotonToGarminConsole", "src\PelotonToGarminConsole\PelotonToGarminConsole.csproj", "{808B1164-D94D-456F-B0AF-E5DDE4B82B4A}"
EndProject
Project("{9A19103F-16F7-4668-BE54-9A1E7A4F7556}") = "Garmin", "src\Garmin\Garmin.csproj", "{3E0E0007-E67A-44BA-B819-40C6E2C2EC8C}"
EndProject
Project("{9A19103F-16F7-4668-BE54-9A1E7A4F7556}") = "Peloton", "src\Peloton\Peloton.csproj", "{0194BE87-68AC-4F02-B2A0-B35BEB2F5466}"
EndProject
Project("{9A19103F-16F7-4668-BE54-9A1E7A4F7556}") = "Common", "src\Common\Common.csproj", "{DC38F108-7BB1-4055-B913-4EA1547EEDDC}"
EndProject
Project("{9A19103F-16F7-4668-BE54-9A1E7A4F7556}") = "Conversion", "src\Conversion\Conversion.csproj", "{31BB1515-5895-4ADC-83C6-53E53FD254B0}"
EndProject
Project("{2150E333-8FDC-42A3-9474-1A3956D46DE8}") = ".solution", ".solution", "{EAA7A07D-19F0-4D55-A52E-CFC1C9CEBEAB}"
	ProjectSection(SolutionItems) = preProject
		.gitignore = .gitignore
		configuration.example.json = configuration.example.json
		deviceInfo.sample.xml = deviceInfo.sample.xml
		README.md = README.md
	EndProjectSection
EndProject
Project("{2150E333-8FDC-42A3-9474-1A3956D46DE8}") = "docker", "docker", "{A7F642D9-7954-4547-84DB-67A04AE1043D}"
	ProjectSection(SolutionItems) = preProject
		docker\webui\api.local.json = docker\webui\api.local.json
		docker\webui\docker-compose-ui.yaml = docker\webui\docker-compose-ui.yaml
		docker\docker-compose.yaml = docker\docker-compose.yaml
		docker\Dockerfile.api = docker\Dockerfile.api
		docker\Dockerfile.console = docker\Dockerfile.console
		docker\Dockerfile.webui = docker\Dockerfile.webui
		docker\entrypoint.sh = docker\entrypoint.sh
		docker\webui\webui.local.json = docker\webui\webui.local.json
	EndProjectSection
EndProject
Project("{9A19103F-16F7-4668-BE54-9A1E7A4F7556}") = "UnitTests", "src\UnitTests\UnitTests.csproj", "{BDCDD5AE-C9E5-4D0C-B666-6F11B334EC78}"
EndProject
Project("{2150E333-8FDC-42A3-9474-1A3956D46DE8}") = "Solution Items", "Solution Items", "{08D5FE41-2EA1-4240-BCE2-796CA3B9D370}"
	ProjectSection(SolutionItems) = preProject
		.editorconfig = .editorconfig
	EndProjectSection
EndProject
Project("{9A19103F-16F7-4668-BE54-9A1E7A4F7556}") = "Sync", "src\Sync\Sync.csproj", "{D792AAD1-E2BB-4F45-BF49-B040A92799FD}"
EndProject
Project("{9A19103F-16F7-4668-BE54-9A1E7A4F7556}") = "WebUI", "src\WebUI\WebUI.csproj", "{22BB0799-FE82-4C09-95E9-801E84DAC203}"
EndProject
Project("{9A19103F-16F7-4668-BE54-9A1E7A4F7556}") = "Api", "src\Api\Api.csproj", "{63A354CC-C2D3-4860-995E-C3072EC76C46}"
EndProject
Global
	GlobalSection(SolutionConfigurationPlatforms) = preSolution
		Debug|Any CPU = Debug|Any CPU
		Release|Any CPU = Release|Any CPU
	EndGlobalSection
	GlobalSection(ProjectConfigurationPlatforms) = postSolution
		{808B1164-D94D-456F-B0AF-E5DDE4B82B4A}.Debug|Any CPU.ActiveCfg = Debug|Any CPU
		{808B1164-D94D-456F-B0AF-E5DDE4B82B4A}.Debug|Any CPU.Build.0 = Debug|Any CPU
		{808B1164-D94D-456F-B0AF-E5DDE4B82B4A}.Release|Any CPU.ActiveCfg = Release|Any CPU
		{808B1164-D94D-456F-B0AF-E5DDE4B82B4A}.Release|Any CPU.Build.0 = Release|Any CPU
		{3E0E0007-E67A-44BA-B819-40C6E2C2EC8C}.Debug|Any CPU.ActiveCfg = Debug|Any CPU
		{3E0E0007-E67A-44BA-B819-40C6E2C2EC8C}.Debug|Any CPU.Build.0 = Debug|Any CPU
		{3E0E0007-E67A-44BA-B819-40C6E2C2EC8C}.Release|Any CPU.ActiveCfg = Release|Any CPU
		{3E0E0007-E67A-44BA-B819-40C6E2C2EC8C}.Release|Any CPU.Build.0 = Release|Any CPU
		{0194BE87-68AC-4F02-B2A0-B35BEB2F5466}.Debug|Any CPU.ActiveCfg = Debug|Any CPU
		{0194BE87-68AC-4F02-B2A0-B35BEB2F5466}.Debug|Any CPU.Build.0 = Debug|Any CPU
		{0194BE87-68AC-4F02-B2A0-B35BEB2F5466}.Release|Any CPU.ActiveCfg = Release|Any CPU
		{0194BE87-68AC-4F02-B2A0-B35BEB2F5466}.Release|Any CPU.Build.0 = Release|Any CPU
		{DC38F108-7BB1-4055-B913-4EA1547EEDDC}.Debug|Any CPU.ActiveCfg = Debug|Any CPU
		{DC38F108-7BB1-4055-B913-4EA1547EEDDC}.Debug|Any CPU.Build.0 = Debug|Any CPU
		{DC38F108-7BB1-4055-B913-4EA1547EEDDC}.Release|Any CPU.ActiveCfg = Release|Any CPU
		{DC38F108-7BB1-4055-B913-4EA1547EEDDC}.Release|Any CPU.Build.0 = Release|Any CPU
		{31BB1515-5895-4ADC-83C6-53E53FD254B0}.Debug|Any CPU.ActiveCfg = Debug|Any CPU
		{31BB1515-5895-4ADC-83C6-53E53FD254B0}.Debug|Any CPU.Build.0 = Debug|Any CPU
		{31BB1515-5895-4ADC-83C6-53E53FD254B0}.Release|Any CPU.ActiveCfg = Release|Any CPU
		{31BB1515-5895-4ADC-83C6-53E53FD254B0}.Release|Any CPU.Build.0 = Release|Any CPU
		{BDCDD5AE-C9E5-4D0C-B666-6F11B334EC78}.Debug|Any CPU.ActiveCfg = Debug|Any CPU
		{BDCDD5AE-C9E5-4D0C-B666-6F11B334EC78}.Debug|Any CPU.Build.0 = Debug|Any CPU
		{BDCDD5AE-C9E5-4D0C-B666-6F11B334EC78}.Release|Any CPU.ActiveCfg = Release|Any CPU
		{BDCDD5AE-C9E5-4D0C-B666-6F11B334EC78}.Release|Any CPU.Build.0 = Release|Any CPU
		{D792AAD1-E2BB-4F45-BF49-B040A92799FD}.Debug|Any CPU.ActiveCfg = Debug|Any CPU
		{D792AAD1-E2BB-4F45-BF49-B040A92799FD}.Debug|Any CPU.Build.0 = Debug|Any CPU
		{D792AAD1-E2BB-4F45-BF49-B040A92799FD}.Release|Any CPU.ActiveCfg = Release|Any CPU
		{D792AAD1-E2BB-4F45-BF49-B040A92799FD}.Release|Any CPU.Build.0 = Release|Any CPU
		{22BB0799-FE82-4C09-95E9-801E84DAC203}.Debug|Any CPU.ActiveCfg = Debug|Any CPU
		{22BB0799-FE82-4C09-95E9-801E84DAC203}.Debug|Any CPU.Build.0 = Debug|Any CPU
		{22BB0799-FE82-4C09-95E9-801E84DAC203}.Release|Any CPU.ActiveCfg = Release|Any CPU
		{22BB0799-FE82-4C09-95E9-801E84DAC203}.Release|Any CPU.Build.0 = Release|Any CPU
		{63A354CC-C2D3-4860-995E-C3072EC76C46}.Debug|Any CPU.ActiveCfg = Debug|Any CPU
		{63A354CC-C2D3-4860-995E-C3072EC76C46}.Debug|Any CPU.Build.0 = Debug|Any CPU
		{63A354CC-C2D3-4860-995E-C3072EC76C46}.Release|Any CPU.ActiveCfg = Release|Any CPU
		{63A354CC-C2D3-4860-995E-C3072EC76C46}.Release|Any CPU.Build.0 = Release|Any CPU
	EndGlobalSection
	GlobalSection(SolutionProperties) = preSolution
		HideSolutionNode = FALSE
	EndGlobalSection
	GlobalSection(NestedProjects) = preSolution
		{A7F642D9-7954-4547-84DB-67A04AE1043D} = {EAA7A07D-19F0-4D55-A52E-CFC1C9CEBEAB}
	EndGlobalSection
	GlobalSection(ExtensibilityGlobals) = postSolution
		SolutionGuid = {1DBD48F5-054F-4C40-A97A-DE31B9132FCB}
	EndGlobalSection
EndGlobal
