
Microsoft Visual Studio Solution File, Format Version 12.00
# Visual Studio Version 16
VisualStudioVersion = 16.0.30804.86
MinimumVisualStudioVersion = 10.0.40219.1
Project("{9A19103F-16F7-4668-BE54-9A1E7A4F7556}") = "PelotonToFitConsole", "PelotonToFitConsole\PelotonToFitConsole.csproj", "{808B1164-D94D-456F-B0AF-E5DDE4B82B4A}"
EndProject
Project("{9A19103F-16F7-4668-BE54-9A1E7A4F7556}") = "Garmin", "Garmin\Garmin.csproj", "{3E0E0007-E67A-44BA-B819-40C6E2C2EC8C}"
EndProject
Project("{9A19103F-16F7-4668-BE54-9A1E7A4F7556}") = "Peloton", "Peloton\Peloton.csproj", "{0194BE87-68AC-4F02-B2A0-B35BEB2F5466}"
EndProject
Project("{9A19103F-16F7-4668-BE54-9A1E7A4F7556}") = "Common", "Common\Common.csproj", "{DC38F108-7BB1-4055-B913-4EA1547EEDDC}"
EndProject
Project("{2150E333-8FDC-42A3-9474-1A3956D46DE8}") = ".solution", ".solution", "{8DD30DF7-2D75-4164-B5DD-F4CF275EE001}"
	ProjectSection(SolutionItems) = preProject
		..\.gitignore = ..\.gitignore
		configuration.example.json = configuration.example.json
		PelotonToFitConsole\configuration.local.json = PelotonToFitConsole\configuration.local.json
		..\docker-compose-fit.yaml = ..\docker-compose-fit.yaml
		..\DockerfileFit_amd64 = ..\DockerfileFit_amd64
		..\DockerfileFit_arm64 = ..\DockerfileFit_arm64
		..\README.md = ..\README.md
		..\requirements.txt = ..\requirements.txt
	EndProjectSection
EndProject
Global
	GlobalSection(SolutionConfigurationPlatforms) = preSolution
		Debug|Any CPU = Debug|Any CPU
		Release|Any CPU = Release|Any CPU
	EndGlobalSection
	GlobalSection(ProjectConfigurationPlatforms) = postSolution
		{808B1164-D94D-456F-B0AF-E5DDE4B82B4A}.Debug|Any CPU.ActiveCfg = Debug|Any CPU
		{808B1164-D94D-456F-B0AF-E5DDE4B82B4A}.Debug|Any CPU.Build.0 = Debug|Any CPU
		{808B1164-D94D-456F-B0AF-E5DDE4B82B4A}.Release|Any CPU.ActiveCfg = Release|Any CPU
		{808B1164-D94D-456F-B0AF-E5DDE4B82B4A}.Release|Any CPU.Build.0 = Release|Any CPU
		{3E0E0007-E67A-44BA-B819-40C6E2C2EC8C}.Debug|Any CPU.ActiveCfg = Debug|Any CPU
		{3E0E0007-E67A-44BA-B819-40C6E2C2EC8C}.Debug|Any CPU.Build.0 = Debug|Any CPU
		{3E0E0007-E67A-44BA-B819-40C6E2C2EC8C}.Release|Any CPU.ActiveCfg = Release|Any CPU
		{3E0E0007-E67A-44BA-B819-40C6E2C2EC8C}.Release|Any CPU.Build.0 = Release|Any CPU
		{0194BE87-68AC-4F02-B2A0-B35BEB2F5466}.Debug|Any CPU.ActiveCfg = Debug|Any CPU
		{0194BE87-68AC-4F02-B2A0-B35BEB2F5466}.Debug|Any CPU.Build.0 = Debug|Any CPU
		{0194BE87-68AC-4F02-B2A0-B35BEB2F5466}.Release|Any CPU.ActiveCfg = Release|Any CPU
		{0194BE87-68AC-4F02-B2A0-B35BEB2F5466}.Release|Any CPU.Build.0 = Release|Any CPU
		{DC38F108-7BB1-4055-B913-4EA1547EEDDC}.Debug|Any CPU.ActiveCfg = Debug|Any CPU
		{DC38F108-7BB1-4055-B913-4EA1547EEDDC}.Debug|Any CPU.Build.0 = Debug|Any CPU
		{DC38F108-7BB1-4055-B913-4EA1547EEDDC}.Release|Any CPU.ActiveCfg = Release|Any CPU
		{DC38F108-7BB1-4055-B913-4EA1547EEDDC}.Release|Any CPU.Build.0 = Release|Any CPU
	EndGlobalSection
	GlobalSection(SolutionProperties) = preSolution
		HideSolutionNode = FALSE
	EndGlobalSection
	GlobalSection(ExtensibilityGlobals) = postSolution
		SolutionGuid = {1DBD48F5-054F-4C40-A97A-DE31B9132FCB}
	EndGlobalSection
EndGlobal
